// !$*UTF8*$!
{
	archiveVersion = 1;
	classes = {
	};
	objectVersion = 46;
	objects = {

/* Begin PBXBuildFile section */
		891526E41F5DF57900945917 /* RootViewController.swift in Sources */ = {isa = PBXBuildFile; fileRef = 891526DF1F5DF57900945917 /* RootViewController.swift */; };
		891526E61F5DF57900945917 /* MenuViewController.swift in Sources */ = {isa = PBXBuildFile; fileRef = 891526E11F5DF57900945917 /* MenuViewController.swift */; };
		891526E71F5DF57900945917 /* NavigationController.swift in Sources */ = {isa = PBXBuildFile; fileRef = 891526E21F5DF57900945917 /* NavigationController.swift */; };
		891526E81F5DF57900945917 /* PopularViewController.swift in Sources */ = {isa = PBXBuildFile; fileRef = 891526E31F5DF57900945917 /* PopularViewController.swift */; };
		8940E8CB1EB77CB600520533 /* AppDelegate.swift in Sources */ = {isa = PBXBuildFile; fileRef = 8940E8CA1EB77CB600520533 /* AppDelegate.swift */; };
		8940E8D01EB77CB600520533 /* Main.storyboard in Resources */ = {isa = PBXBuildFile; fileRef = 8940E8CE1EB77CB600520533 /* Main.storyboard */; };
		8940E8D31EB77CB600520533 /* themoviedb.xcdatamodeld in Sources */ = {isa = PBXBuildFile; fileRef = 8940E8D11EB77CB600520533 /* themoviedb.xcdatamodeld */; };
		8940E8D51EB77CB600520533 /* Assets.xcassets in Resources */ = {isa = PBXBuildFile; fileRef = 8940E8D41EB77CB600520533 /* Assets.xcassets */; };
		8940E8D81EB77CB600520533 /* LaunchScreen.storyboard in Resources */ = {isa = PBXBuildFile; fileRef = 8940E8D61EB77CB600520533 /* LaunchScreen.storyboard */; };
		8940E8E31EB77CB600520533 /* themoviedbUITests.swift in Sources */ = {isa = PBXBuildFile; fileRef = 8940E8E21EB77CB600520533 /* themoviedbUITests.swift */; };
		89A1DA3E1EDF82F000AEF14E /* Movie.swift in Sources */ = {isa = PBXBuildFile; fileRef = 89A1DA3C1EDF82F000AEF14E /* Movie.swift */; };
		89A1DA3F1EDF82F000AEF14E /* MovieResults.swift in Sources */ = {isa = PBXBuildFile; fileRef = 89A1DA3D1EDF82F000AEF14E /* MovieResults.swift */; };
		89DB05021EC68249007B13E9 /* Item.swift in Sources */ = {isa = PBXBuildFile; fileRef = 89DB05011EC68249007B13E9 /* Item.swift */; };
		89DB050A1EC68FBC007B13E9 /* MainTableViewController.swift in Sources */ = {isa = PBXBuildFile; fileRef = 89DB05091EC68FBC007B13E9 /* MainTableViewController.swift */; };
		89DB050C1EC694AC007B13E9 /* MainTableViewCell.swift in Sources */ = {isa = PBXBuildFile; fileRef = 89DB050B1EC694AC007B13E9 /* MainTableViewCell.swift */; };
		89FFAA7E1EBE05510027C71E /* Router.swift in Sources */ = {isa = PBXBuildFile; fileRef = 89FFAA7D1EBE05510027C71E /* Router.swift */; };
		AC54B75C5D6197229FB3D213 /* Pods_themoviedb.framework in Frameworks */ = {isa = PBXBuildFile; fileRef = 8DB511E38454F70002216AB9 /* Pods_themoviedb.framework */; };
/* End PBXBuildFile section */

/* Begin PBXContainerItemProxy section */
		8940E8DF1EB77CB600520533 /* PBXContainerItemProxy */ = {
			isa = PBXContainerItemProxy;
			containerPortal = 8940E8BF1EB77CB600520533 /* Project object */;
			proxyType = 1;
			remoteGlobalIDString = 8940E8C61EB77CB600520533;
			remoteInfo = themoviedb;
		};
/* End PBXContainerItemProxy section */

/* Begin PBXFileReference section */
		891526DF1F5DF57900945917 /* RootViewController.swift */ = {isa = PBXFileReference; fileEncoding = 4; lastKnownFileType = sourcecode.swift; path = RootViewController.swift; sourceTree = "<group>"; };
		891526E11F5DF57900945917 /* MenuViewController.swift */ = {isa = PBXFileReference; fileEncoding = 4; lastKnownFileType = sourcecode.swift; path = MenuViewController.swift; sourceTree = "<group>"; };
		891526E21F5DF57900945917 /* NavigationController.swift */ = {isa = PBXFileReference; fileEncoding = 4; lastKnownFileType = sourcecode.swift; path = NavigationController.swift; sourceTree = "<group>"; };
		891526E31F5DF57900945917 /* PopularViewController.swift */ = {isa = PBXFileReference; fileEncoding = 4; lastKnownFileType = sourcecode.swift; path = PopularViewController.swift; sourceTree = "<group>"; };
		8940E8C71EB77CB600520533 /* themoviedb.app */ = {isa = PBXFileReference; explicitFileType = wrapper.application; includeInIndex = 0; path = themoviedb.app; sourceTree = BUILT_PRODUCTS_DIR; };
		8940E8CA1EB77CB600520533 /* AppDelegate.swift */ = {isa = PBXFileReference; lastKnownFileType = sourcecode.swift; path = AppDelegate.swift; sourceTree = "<group>"; };
		8940E8CF1EB77CB600520533 /* Base */ = {isa = PBXFileReference; lastKnownFileType = file.storyboard; name = Base; path = Base.lproj/Main.storyboard; sourceTree = "<group>"; };
		8940E8D21EB77CB600520533 /* themoviedb.xcdatamodel */ = {isa = PBXFileReference; lastKnownFileType = wrapper.xcdatamodel; path = themoviedb.xcdatamodel; sourceTree = "<group>"; };
		8940E8D41EB77CB600520533 /* Assets.xcassets */ = {isa = PBXFileReference; lastKnownFileType = folder.assetcatalog; path = Assets.xcassets; sourceTree = "<group>"; };
		8940E8D71EB77CB600520533 /* Base */ = {isa = PBXFileReference; lastKnownFileType = file.storyboard; name = Base; path = Base.lproj/LaunchScreen.storyboard; sourceTree = "<group>"; };
		8940E8D91EB77CB600520533 /* Info.plist */ = {isa = PBXFileReference; lastKnownFileType = text.plist.xml; path = Info.plist; sourceTree = "<group>"; };
		8940E8DE1EB77CB600520533 /* themoviedbUITests.xctest */ = {isa = PBXFileReference; explicitFileType = wrapper.cfbundle; includeInIndex = 0; path = themoviedbUITests.xctest; sourceTree = BUILT_PRODUCTS_DIR; };
		8940E8E21EB77CB600520533 /* themoviedbUITests.swift */ = {isa = PBXFileReference; lastKnownFileType = sourcecode.swift; path = themoviedbUITests.swift; sourceTree = "<group>"; };
		8940E8E41EB77CB600520533 /* Info.plist */ = {isa = PBXFileReference; lastKnownFileType = text.plist.xml; path = Info.plist; sourceTree = "<group>"; };
		89A1DA3C1EDF82F000AEF14E /* Movie.swift */ = {isa = PBXFileReference; fileEncoding = 4; lastKnownFileType = sourcecode.swift; path = Movie.swift; sourceTree = "<group>"; };
		89A1DA3D1EDF82F000AEF14E /* MovieResults.swift */ = {isa = PBXFileReference; fileEncoding = 4; lastKnownFileType = sourcecode.swift; path = MovieResults.swift; sourceTree = "<group>"; };
		89DB05011EC68249007B13E9 /* Item.swift */ = {isa = PBXFileReference; fileEncoding = 4; lastKnownFileType = sourcecode.swift; path = Item.swift; sourceTree = "<group>"; };
		89DB05091EC68FBC007B13E9 /* MainTableViewController.swift */ = {isa = PBXFileReference; fileEncoding = 4; lastKnownFileType = sourcecode.swift; path = MainTableViewController.swift; sourceTree = "<group>"; };
		89DB050B1EC694AC007B13E9 /* MainTableViewCell.swift */ = {isa = PBXFileReference; fileEncoding = 4; lastKnownFileType = sourcecode.swift; path = MainTableViewCell.swift; sourceTree = "<group>"; };
		89FFAA7D1EBE05510027C71E /* Router.swift */ = {isa = PBXFileReference; fileEncoding = 4; lastKnownFileType = sourcecode.swift; path = Router.swift; sourceTree = "<group>"; };
		8DB511E38454F70002216AB9 /* Pods_themoviedb.framework */ = {isa = PBXFileReference; explicitFileType = wrapper.framework; includeInIndex = 0; path = Pods_themoviedb.framework; sourceTree = BUILT_PRODUCTS_DIR; };
		9A4460179B227C063DCAD061 /* Pods-themoviedb.debug.xcconfig */ = {isa = PBXFileReference; includeInIndex = 1; lastKnownFileType = text.xcconfig; name = "Pods-themoviedb.debug.xcconfig"; path = "Pods/Target Support Files/Pods-themoviedb/Pods-themoviedb.debug.xcconfig"; sourceTree = "<group>"; };
		A13690574F19BA17FE1B01C2 /* Pods-themoviedb.release.xcconfig */ = {isa = PBXFileReference; includeInIndex = 1; lastKnownFileType = text.xcconfig; name = "Pods-themoviedb.release.xcconfig"; path = "Pods/Target Support Files/Pods-themoviedb/Pods-themoviedb.release.xcconfig"; sourceTree = "<group>"; };
/* End PBXFileReference section */

/* Begin PBXFrameworksBuildPhase section */
		8940E8C41EB77CB600520533 /* Frameworks */ = {
			isa = PBXFrameworksBuildPhase;
			buildActionMask = 2147483647;
			files = (
				AC54B75C5D6197229FB3D213 /* Pods_themoviedb.framework in Frameworks */,
			);
			runOnlyForDeploymentPostprocessing = 0;
		};
		8940E8DB1EB77CB600520533 /* Frameworks */ = {
			isa = PBXFrameworksBuildPhase;
			buildActionMask = 2147483647;
			files = (
			);
			runOnlyForDeploymentPostprocessing = 0;
		};
/* End PBXFrameworksBuildPhase section */

/* Begin PBXGroup section */
		05DFEC03D03F479A33C4DBF2 /* Frameworks */ = {
			isa = PBXGroup;
			children = (
				8DB511E38454F70002216AB9 /* Pods_themoviedb.framework */,
			);
			name = Frameworks;
			sourceTree = "<group>";
		};
		806E6F6B17466FD6BA848D73 /* Pods */ = {
			isa = PBXGroup;
			children = (
				9A4460179B227C063DCAD061 /* Pods-themoviedb.debug.xcconfig */,
				A13690574F19BA17FE1B01C2 /* Pods-themoviedb.release.xcconfig */,
			);
			name = Pods;
			sourceTree = "<group>";
		};
		8940E8BE1EB77CB600520533 = {
			isa = PBXGroup;
			children = (
				8940E8C91EB77CB600520533 /* themoviedb */,
				8940E8E11EB77CB600520533 /* themoviedbUITests */,
				8940E8C81EB77CB600520533 /* Products */,
				806E6F6B17466FD6BA848D73 /* Pods */,
				05DFEC03D03F479A33C4DBF2 /* Frameworks */,
			);
			sourceTree = "<group>";
		};
		8940E8C81EB77CB600520533 /* Products */ = {
			isa = PBXGroup;
			children = (
				8940E8C71EB77CB600520533 /* themoviedb.app */,
				8940E8DE1EB77CB600520533 /* themoviedbUITests.xctest */,
			);
			name = Products;
			sourceTree = "<group>";
		};
		8940E8C91EB77CB600520533 /* themoviedb */ = {
			isa = PBXGroup;
			children = (
				89A1DA371EDF827A00AEF14E /* Model */,
				89DB05011EC68249007B13E9 /* Item.swift */,
				8940E8CA1EB77CB600520533 /* AppDelegate.swift */,
				8940E8CE1EB77CB600520533 /* Main.storyboard */,
				8940E8D41EB77CB600520533 /* Assets.xcassets */,
				8940E8D61EB77CB600520533 /* LaunchScreen.storyboard */,
				8940E8D91EB77CB600520533 /* Info.plist */,
				8940E8D11EB77CB600520533 /* themoviedb.xcdatamodeld */,
				89FFAA7D1EBE05510027C71E /* Router.swift */,
				89DB05091EC68FBC007B13E9 /* MainTableViewController.swift */,
				89DB050B1EC694AC007B13E9 /* MainTableViewCell.swift */,
				891526DF1F5DF57900945917 /* RootViewController.swift */,
				891526E11F5DF57900945917 /* MenuViewController.swift */,
				891526E21F5DF57900945917 /* NavigationController.swift */,
				891526E31F5DF57900945917 /* PopularViewController.swift */,
			);
			path = themoviedb;
			sourceTree = "<group>";
		};
		8940E8E11EB77CB600520533 /* themoviedbUITests */ = {
			isa = PBXGroup;
			children = (
				8940E8E21EB77CB600520533 /* themoviedbUITests.swift */,
				8940E8E41EB77CB600520533 /* Info.plist */,
			);
			path = themoviedbUITests;
			sourceTree = "<group>";
		};
		89A1DA371EDF827A00AEF14E /* Model */ = {
			isa = PBXGroup;
			children = (
				89A1DA3C1EDF82F000AEF14E /* Movie.swift */,
				89A1DA3D1EDF82F000AEF14E /* MovieResults.swift */,
			);
			name = Model;
			sourceTree = "<group>";
		};
/* End PBXGroup section */

/* Begin PBXNativeTarget section */
		8940E8C61EB77CB600520533 /* themoviedb */ = {
			isa = PBXNativeTarget;
			buildConfigurationList = 8940E8E71EB77CB600520533 /* Build configuration list for PBXNativeTarget "themoviedb" */;
			buildPhases = (
				8559347E61F506B6BDC1E3F7 /* [CP] Check Pods Manifest.lock */,
				8940E8C31EB77CB600520533 /* Sources */,
				8940E8C41EB77CB600520533 /* Frameworks */,
				8940E8C51EB77CB600520533 /* Resources */,
				C7515CB4425888B58CAFCBA1 /* [CP] Embed Pods Frameworks */,
				0858C66394A40BAE5AB43403 /* [CP] Copy Pods Resources */,
			);
			buildRules = (
			);
			dependencies = (
			);
			name = themoviedb;
			productName = themoviedb;
			productReference = 8940E8C71EB77CB600520533 /* themoviedb.app */;
			productType = "com.apple.product-type.application";
		};
		8940E8DD1EB77CB600520533 /* themoviedbUITests */ = {
			isa = PBXNativeTarget;
			buildConfigurationList = 8940E8EA1EB77CB600520533 /* Build configuration list for PBXNativeTarget "themoviedbUITests" */;
			buildPhases = (
				8940E8DA1EB77CB600520533 /* Sources */,
				8940E8DB1EB77CB600520533 /* Frameworks */,
				8940E8DC1EB77CB600520533 /* Resources */,
			);
			buildRules = (
			);
			dependencies = (
				8940E8E01EB77CB600520533 /* PBXTargetDependency */,
			);
			name = themoviedbUITests;
			productName = themoviedbUITests;
			productReference = 8940E8DE1EB77CB600520533 /* themoviedbUITests.xctest */;
			productType = "com.apple.product-type.bundle.ui-testing";
		};
/* End PBXNativeTarget section */

/* Begin PBXProject section */
		8940E8BF1EB77CB600520533 /* Project object */ = {
			isa = PBXProject;
			attributes = {
				LastSwiftUpdateCheck = 0820;
				LastUpgradeCheck = 0820;
				ORGANIZATIONNAME = "Yasser Mabrouk";
				TargetAttributes = {
					8940E8C61EB77CB600520533 = {
						CreatedOnToolsVersion = 8.2;
						ProvisioningStyle = Automatic;
					};
					8940E8DD1EB77CB600520533 = {
						CreatedOnToolsVersion = 8.2;
						ProvisioningStyle = Automatic;
						TestTargetID = 8940E8C61EB77CB600520533;
					};
				};
			};
			buildConfigurationList = 8940E8C21EB77CB600520533 /* Build configuration list for PBXProject "themoviedb" */;
			compatibilityVersion = "Xcode 3.2";
			developmentRegion = English;
			hasScannedForEncodings = 0;
			knownRegions = (
				en,
				Base,
			);
			mainGroup = 8940E8BE1EB77CB600520533;
			productRefGroup = 8940E8C81EB77CB600520533 /* Products */;
			projectDirPath = "";
			projectRoot = "";
			targets = (
				8940E8C61EB77CB600520533 /* themoviedb */,
				8940E8DD1EB77CB600520533 /* themoviedbUITests */,
			);
		};
/* End PBXProject section */

/* Begin PBXResourcesBuildPhase section */
		8940E8C51EB77CB600520533 /* Resources */ = {
			isa = PBXResourcesBuildPhase;
			buildActionMask = 2147483647;
			files = (
				8940E8D81EB77CB600520533 /* LaunchScreen.storyboard in Resources */,
				8940E8D51EB77CB600520533 /* Assets.xcassets in Resources */,
				8940E8D01EB77CB600520533 /* Main.storyboard in Resources */,
			);
			runOnlyForDeploymentPostprocessing = 0;
		};
		8940E8DC1EB77CB600520533 /* Resources */ = {
			isa = PBXResourcesBuildPhase;
			buildActionMask = 2147483647;
			files = (
			);
			runOnlyForDeploymentPostprocessing = 0;
		};
/* End PBXResourcesBuildPhase section */

/* Begin PBXShellScriptBuildPhase section */
		0858C66394A40BAE5AB43403 /* [CP] Copy Pods Resources */ = {
			isa = PBXShellScriptBuildPhase;
			buildActionMask = 2147483647;
			files = (
			);
			inputPaths = (
			);
			name = "[CP] Copy Pods Resources";
			outputPaths = (
			);
			runOnlyForDeploymentPostprocessing = 0;
			shellPath = /bin/sh;
			shellScript = "\"${SRCROOT}/Pods/Target Support Files/Pods-themoviedb/Pods-themoviedb-resources.sh\"\n";
			showEnvVarsInLog = 0;
		};
		8559347E61F506B6BDC1E3F7 /* [CP] Check Pods Manifest.lock */ = {
			isa = PBXShellScriptBuildPhase;
			buildActionMask = 2147483647;
			files = (
			);
			inputPaths = (
			);
			name = "[CP] Check Pods Manifest.lock";
			outputPaths = (
			);
			runOnlyForDeploymentPostprocessing = 0;
			shellPath = /bin/sh;
			shellScript = "diff \"${PODS_PODFILE_DIR_PATH}/Podfile.lock\" \"${PODS_ROOT}/Manifest.lock\" > /dev/null\nif [ $? != 0 ] ; then\n    # print error to STDERR\n    echo \"error: The sandbox is not in sync with the Podfile.lock. Run 'pod install' or update your CocoaPods installation.\" >&2\n    exit 1\nfi\n";
			showEnvVarsInLog = 0;
		};
		C7515CB4425888B58CAFCBA1 /* [CP] Embed Pods Frameworks */ = {
			isa = PBXShellScriptBuildPhase;
			buildActionMask = 2147483647;
			files = (
			);
			inputPaths = (
			);
			name = "[CP] Embed Pods Frameworks";
			outputPaths = (
			);
			runOnlyForDeploymentPostprocessing = 0;
			shellPath = /bin/sh;
			shellScript = "\"${SRCROOT}/Pods/Target Support Files/Pods-themoviedb/Pods-themoviedb-frameworks.sh\"\n";
			showEnvVarsInLog = 0;
		};
/* End PBXShellScriptBuildPhase section */

/* Begin PBXSourcesBuildPhase section */
		8940E8C31EB77CB600520533 /* Sources */ = {
			isa = PBXSourcesBuildPhase;
			buildActionMask = 2147483647;
			files = (
				89A1DA3F1EDF82F000AEF14E /* MovieResults.swift in Sources */,
				891526E71F5DF57900945917 /* NavigationController.swift in Sources */,
				89FFAA7E1EBE05510027C71E /* Router.swift in Sources */,
				891526E41F5DF57900945917 /* RootViewController.swift in Sources */,
				89DB050C1EC694AC007B13E9 /* MainTableViewCell.swift in Sources */,
				891526E61F5DF57900945917 /* MenuViewController.swift in Sources */,
				891526E81F5DF57900945917 /* PopularViewController.swift in Sources */,
				8940E8D31EB77CB600520533 /* themoviedb.xcdatamodeld in Sources */,
				89DB05021EC68249007B13E9 /* Item.swift in Sources */,
				8940E8CB1EB77CB600520533 /* AppDelegate.swift in Sources */,
				89A1DA3E1EDF82F000AEF14E /* Movie.swift in Sources */,
				89DB050A1EC68FBC007B13E9 /* MainTableViewController.swift in Sources */,
			);
			runOnlyForDeploymentPostprocessing = 0;
		};
		8940E8DA1EB77CB600520533 /* Sources */ = {
			isa = PBXSourcesBuildPhase;
			buildActionMask = 2147483647;
			files = (
				8940E8E31EB77CB600520533 /* themoviedbUITests.swift in Sources */,
			);
			runOnlyForDeploymentPostprocessing = 0;
		};
/* End PBXSourcesBuildPhase section */

/* Begin PBXTargetDependency section */
		8940E8E01EB77CB600520533 /* PBXTargetDependency */ = {
			isa = PBXTargetDependency;
			target = 8940E8C61EB77CB600520533 /* themoviedb */;
			targetProxy = 8940E8DF1EB77CB600520533 /* PBXContainerItemProxy */;
		};
/* End PBXTargetDependency section */

/* Begin PBXVariantGroup section */
		8940E8CE1EB77CB600520533 /* Main.storyboard */ = {
			isa = PBXVariantGroup;
			children = (
				8940E8CF1EB77CB600520533 /* Base */,
			);
			name = Main.storyboard;
			sourceTree = "<group>";
		};
		8940E8D61EB77CB600520533 /* LaunchScreen.storyboard */ = {
			isa = PBXVariantGroup;
			children = (
				8940E8D71EB77CB600520533 /* Base */,
			);
			name = LaunchScreen.storyboard;
			sourceTree = "<group>";
		};
/* End PBXVariantGroup section */

/* Begin XCBuildConfiguration section */
		8940E8E51EB77CB600520533 /* Debug */ = {
			isa = XCBuildConfiguration;
			buildSettings = {
				ALWAYS_SEARCH_USER_PATHS = NO;
				CLANG_ANALYZER_NONNULL = YES;
				CLANG_CXX_LANGUAGE_STANDARD = "gnu++0x";
				CLANG_CXX_LIBRARY = "libc++";
				CLANG_ENABLE_MODULES = YES;
				CLANG_ENABLE_OBJC_ARC = YES;
				CLANG_WARN_BOOL_CONVERSION = YES;
				CLANG_WARN_CONSTANT_CONVERSION = YES;
				CLANG_WARN_DIRECT_OBJC_ISA_USAGE = YES_ERROR;
				CLANG_WARN_DOCUMENTATION_COMMENTS = YES;
				CLANG_WARN_EMPTY_BODY = YES;
				CLANG_WARN_ENUM_CONVERSION = YES;
				CLANG_WARN_INFINITE_RECURSION = YES;
				CLANG_WARN_INT_CONVERSION = YES;
				CLANG_WARN_OBJC_ROOT_CLASS = YES_ERROR;
				CLANG_WARN_SUSPICIOUS_MOVE = YES;
				CLANG_WARN_UNREACHABLE_CODE = YES;
				CLANG_WARN__DUPLICATE_METHOD_MATCH = YES;
				"CODE_SIGN_IDENTITY[sdk=iphoneos*]" = "iPhone Developer";
				COPY_PHASE_STRIP = NO;
				DEBUG_INFORMATION_FORMAT = dwarf;
				ENABLE_STRICT_OBJC_MSGSEND = YES;
				ENABLE_TESTABILITY = YES;
				GCC_C_LANGUAGE_STANDARD = gnu99;
				GCC_DYNAMIC_NO_PIC = NO;
				GCC_NO_COMMON_BLOCKS = YES;
				GCC_OPTIMIZATION_LEVEL = 0;
				GCC_PREPROCESSOR_DEFINITIONS = (
					"DEBUG=1",
					"$(inherited)",
				);
				GCC_WARN_64_TO_32_BIT_CONVERSION = YES;
				GCC_WARN_ABOUT_RETURN_TYPE = YES_ERROR;
				GCC_WARN_UNDECLARED_SELECTOR = YES;
				GCC_WARN_UNINITIALIZED_AUTOS = YES_AGGRESSIVE;
				GCC_WARN_UNUSED_FUNCTION = YES;
				GCC_WARN_UNUSED_VARIABLE = YES;
				IPHONEOS_DEPLOYMENT_TARGET = 10.2;
				MTL_ENABLE_DEBUG_INFO = YES;
				ONLY_ACTIVE_ARCH = YES;
				SDKROOT = iphoneos;
				SWIFT_ACTIVE_COMPILATION_CONDITIONS = DEBUG;
				SWIFT_OPTIMIZATION_LEVEL = "-Onone";
				TARGETED_DEVICE_FAMILY = "1,2";
			};
			name = Debug;
		};
		8940E8E61EB77CB600520533 /* Release */ = {
			isa = XCBuildConfiguration;
			buildSettings = {
				ALWAYS_SEARCH_USER_PATHS = NO;
				CLANG_ANALYZER_NONNULL = YES;
				CLANG_CXX_LANGUAGE_STANDARD = "gnu++0x";
				CLANG_CXX_LIBRARY = "libc++";
				CLANG_ENABLE_MODULES = YES;
				CLANG_ENABLE_OBJC_ARC = YES;
				CLANG_WARN_BOOL_CONVERSION = YES;
				CLANG_WARN_CONSTANT_CONVERSION = YES;
				CLANG_WARN_DIRECT_OBJC_ISA_USAGE = YES_ERROR;
				CLANG_WARN_DOCUMENTATION_COMMENTS = YES;
				CLANG_WARN_EMPTY_BODY = YES;
				CLANG_WARN_ENUM_CONVERSION = YES;
				CLANG_WARN_INFINITE_RECURSION = YES;
				CLANG_WARN_INT_CONVERSION = YES;
				CLANG_WARN_OBJC_ROOT_CLASS = YES_ERROR;
				CLANG_WARN_SUSPICIOUS_MOVE = YES;
				CLANG_WARN_UNREACHABLE_CODE = YES;
				CLANG_WARN__DUPLICATE_METHOD_MATCH = YES;
				"CODE_SIGN_IDENTITY[sdk=iphoneos*]" = "iPhone Developer";
				COPY_PHASE_STRIP = NO;
				DEBUG_INFORMATION_FORMAT = "dwarf-with-dsym";
				ENABLE_NS_ASSERTIONS = NO;
				ENABLE_STRICT_OBJC_MSGSEND = YES;
				GCC_C_LANGUAGE_STANDARD = gnu99;
				GCC_NO_COMMON_BLOCKS = YES;
				GCC_WARN_64_TO_32_BIT_CONVERSION = YES;
				GCC_WARN_ABOUT_RETURN_TYPE = YES_ERROR;
				GCC_WARN_UNDECLARED_SELECTOR = YES;
				GCC_WARN_UNINITIALIZED_AUTOS = YES_AGGRESSIVE;
				GCC_WARN_UNUSED_FUNCTION = YES;
				GCC_WARN_UNUSED_VARIABLE = YES;
				IPHONEOS_DEPLOYMENT_TARGET = 10.2;
				MTL_ENABLE_DEBUG_INFO = NO;
				SDKROOT = iphoneos;
				SWIFT_OPTIMIZATION_LEVEL = "-Owholemodule";
				TARGETED_DEVICE_FAMILY = "1,2";
				VALIDATE_PRODUCT = YES;
			};
			name = Release;
		};
		8940E8E81EB77CB600520533 /* Debug */ = {
			isa = XCBuildConfiguration;
			baseConfigurationReference = 9A4460179B227C063DCAD061 /* Pods-themoviedb.debug.xcconfig */;
			buildSettings = {
				ASSETCATALOG_COMPILER_APPICON_NAME = AppIcon;
				INFOPLIST_FILE = themoviedb/Info.plist;
				LD_RUNPATH_SEARCH_PATHS = "$(inherited) @executable_path/Frameworks";
				PRODUCT_BUNDLE_IDENTIFIER = com.app.themoviedb;
				PRODUCT_NAME = "$(TARGET_NAME)";
				SWIFT_VERSION = 3.0;
			};
			name = Debug;
		};
		8940E8E91EB77CB600520533 /* Release */ = {
			isa = XCBuildConfiguration;
			baseConfigurationReference = A13690574F19BA17FE1B01C2 /* Pods-themoviedb.release.xcconfig */;
			buildSettings = {
				ASSETCATALOG_COMPILER_APPICON_NAME = AppIcon;
				INFOPLIST_FILE = themoviedb/Info.plist;
				LD_RUNPATH_SEARCH_PATHS = "$(inherited) @executable_path/Frameworks";
				PRODUCT_BUNDLE_IDENTIFIER = com.app.themoviedb;
				PRODUCT_NAME = "$(TARGET_NAME)";
				SWIFT_VERSION = 3.0;
			};
			name = Release;
		};
		8940E8EB1EB77CB600520533 /* Debug */ = {
			isa = XCBuildConfiguration;
			buildSettings = {
				ALWAYS_EMBED_SWIFT_STANDARD_LIBRARIES = YES;
				INFOPLIST_FILE = themoviedbUITests/Info.plist;
				LD_RUNPATH_SEARCH_PATHS = "$(inherited) @executable_path/Frameworks @loader_path/Frameworks";
				PRODUCT_BUNDLE_IDENTIFIER = com.app.themoviedbUITests;
				PRODUCT_NAME = "$(TARGET_NAME)";
				SWIFT_VERSION = 3.0;
				TEST_TARGET_NAME = themoviedb;
			};
			name = Debug;
		};
		8940E8EC1EB77CB600520533 /* Release */ = {
			isa = XCBuildConfiguration;
			buildSettings = {
				ALWAYS_EMBED_SWIFT_STANDARD_LIBRARIES = YES;
				INFOPLIST_FILE = themoviedbUITests/Info.plist;
				LD_RUNPATH_SEARCH_PATHS = "$(inherited) @executable_path/Frameworks @loader_path/Frameworks";
				PRODUCT_BUNDLE_IDENTIFIER = com.app.themoviedbUITests;
				PRODUCT_NAME = "$(TARGET_NAME)";
				SWIFT_VERSION = 3.0;
				TEST_TARGET_NAME = themoviedb;
			};
			name = Release;
		};
/* End XCBuildConfiguration section */

/* Begin XCConfigurationList section */
		8940E8C21EB77CB600520533 /* Build configuration list for PBXProject "themoviedb" */ = {
			isa = XCConfigurationList;
			buildConfigurations = (
				8940E8E51EB77CB600520533 /* Debug */,
				8940E8E61EB77CB600520533 /* Release */,
			);
			defaultConfigurationIsVisible = 0;
			defaultConfigurationName = Release;
		};
		8940E8E71EB77CB600520533 /* Build configuration list for PBXNativeTarget "themoviedb" */ = {
			isa = XCConfigurationList;
			buildConfigurations = (
				8940E8E81EB77CB600520533 /* Debug */,
				8940E8E91EB77CB600520533 /* Release */,
			);
			defaultConfigurationIsVisible = 0;
			defaultConfigurationName = Release;
		};
		8940E8EA1EB77CB600520533 /* Build configuration list for PBXNativeTarget "themoviedbUITests" */ = {
			isa = XCConfigurationList;
			buildConfigurations = (
				8940E8EB1EB77CB600520533 /* Debug */,
				8940E8EC1EB77CB600520533 /* Release */,
			);
			defaultConfigurationIsVisible = 0;
			defaultConfigurationName = Release;
		};
/* End XCConfigurationList section */

/* Begin XCVersionGroup section */
		8940E8D11EB77CB600520533 /* themoviedb.xcdatamodeld */ = {
			isa = XCVersionGroup;
			children = (
				8940E8D21EB77CB600520533 /* themoviedb.xcdatamodel */,
			);
			currentVersion = 8940E8D21EB77CB600520533 /* themoviedb.xcdatamodel */;
			path = themoviedb.xcdatamodeld;
			sourceTree = "<group>";
			versionGroupType = wrapper.xcdatamodel;
		};
/* End XCVersionGroup section */
	};
	rootObject = 8940E8BF1EB77CB600520533 /* Project object */;
}
